
Microsoft Visual Studio Solution File, Format Version 12.00
# Visual Studio 15
VisualStudioVersion = 15.0.27130.2024
MinimumVisualStudioVersion = 10.0.40219.1
Project("{FAE04EC0-301F-11D3-BF4B-00C04F79EFBC}") = "addressbook_tests_autoit", "addressbook_tests_autoit\addressbook_tests_autoit.csproj", "{B2115D98-A3CC-43EC-B961-CD9B5FF5D695}"
EndProject
Global
	GlobalSection(SolutionConfigurationPlatforms) = preSolution
		Debug|Any CPU = Debug|Any CPU
		Release|Any CPU = Release|Any CPU
	EndGlobalSection
	GlobalSection(ProjectConfigurationPlatforms) = postSolution
		{B2115D98-A3CC-43EC-B961-CD9B5FF5D695}.Debug|Any CPU.ActiveCfg = Debug|Any CPU
		{B2115D98-A3CC-43EC-B961-CD9B5FF5D695}.Debug|Any CPU.Build.0 = Debug|Any CPU
		{B2115D98-A3CC-43EC-B961-CD9B5FF5D695}.Release|Any CPU.ActiveCfg = Release|Any CPU
		{B2115D98-A3CC-43EC-B961-CD9B5FF5D695}.Release|Any CPU.Build.0 = Release|Any CPU
	EndGlobalSection
	GlobalSection(SolutionProperties) = preSolution
		HideSolutionNode = FALSE
	EndGlobalSection
	GlobalSection(ExtensibilityGlobals) = postSolution
		SolutionGuid = {BFAC8293-91C4-49C8-ACFF-7EB25777496A}
	EndGlobalSection
EndGlobal
